
Microsoft Visual Studio Solution File, Format Version 12.00
# Visual Studio Version 17
VisualStudioVersion = 17.14.36301.6 d17.14
MinimumVisualStudioVersion = 10.0.40219.1
Project("{FAE04EC0-301F-11D3-BF4B-00C04F79EFBC}") = "Grupo JCN - Pesagem Offline de Fardinhos", "Grupo JCN - Pesagem Offline de Fardinhos.csproj", "{1EEE3AF1-C9F0-4FE5-BFE1-2706BE514779}"
EndProject
Global
	GlobalSection(SolutionConfigurationPlatforms) = preSolution
		Debug|Any CPU = Debug|Any CPU
		Release|Any CPU = Release|Any CPU
	EndGlobalSection
	GlobalSection(ProjectConfigurationPlatforms) = postSolution
		{1EEE3AF1-C9F0-4FE5-BFE1-2706BE514779}.Debug|Any CPU.ActiveCfg = Debug|Any CPU
		{1EEE3AF1-C9F0-4FE5-BFE1-2706BE514779}.Debug|Any CPU.Build.0 = Debug|Any CPU
		{1EEE3AF1-C9F0-4FE5-BFE1-2706BE514779}.Release|Any CPU.ActiveCfg = Release|Any CPU
		{1EEE3AF1-C9F0-4FE5-BFE1-2706BE514779}.Release|Any CPU.Build.0 = Release|Any CPU
	EndGlobalSection
	GlobalSection(SolutionProperties) = preSolution
		HideSolutionNode = FALSE
	EndGlobalSection
	GlobalSection(ExtensibilityGlobals) = postSolution
		SolutionGuid = {60EA637D-7A9F-49D3-948D-B84498306718}
	EndGlobalSection
EndGlobal
